{
  "name": "building-space-planner",
  "version": "0.1.0",
  "lockfileVersion": 3,
  "requires": true,
  "packages": {
    "": {
      "name": "building-space-planner",
      "version": "0.1.0",
      "private": true,
      "dependencies": {
        "react": "^19.1.1",
        "react-dom": "^19.1.1"
      },
      "devDependencies": {
        "@types/react": "^18.3.3",
        "@types/react-dom": "^18.3.0",
        "@vitejs/plugin-react": "^4.3.1",
        "autoprefixer": "^10.4.19",
        "postcss": "^8.4.38",
        "tailwindcss": "^3.4.4",
        "typescript": "^5.5.2",
        "vite": "^5.3.1"
      }
    },
    "node_modules/@babel/core": {
      "version": "7.24.7",
      "resolved": "https://registry.npmjs.org/@babel/core/-/core-7.24.7.tgz",
      "integrity": "sha512-RABj20FgzP8U22tQ22DQTy2j4yGNqXaU7g8q2KYNJDCpe75ePilUvBIb2cMArBG2u7i3a24C/aV6+uF26fSSXQ==",
      "dev": true,
      "dependencies": {
        "@ampproject/remapping": "^2.3.0",
        "@babel/helper-compilation-targets": "^7.24.7",
        "@babel/helper-module-transforms": "^7.24.7",
        "@babel/helpers": "^7.24.7",
        "convert-source-map": "^2.0.0",
        "debug": "^4.1.0",
        "gensync": "^1.0.0-beta.2",
        "json5": "^2.2.3",
        "semver": "^6.3.1"
      },
      "engines": {
        "node": ">=10.13.0"
      },
      "funding": {
        "type": "opencollective",
        "url": "https://opencollective.com/babel"
      },
      "peerDependencies": {
        "@babel/parser": "^7.0.0"
      }
    },
    "node_modules/@types/prop-types": {
      "version": "15.7.12",
      "resolved": "https://registry.npmjs.org/@types/prop-types/-/prop-types-15.7.12.tgz",
      "integrity": "sha512-5zvhF/S1hPGFb3QyAZbtdwxdvLf0KfbC9zdo1mLiLCVOKfM2t3LpBfL5KzD9onemUeI1kF8N5Lsl9aV3oQmy8Q==",
      "dev": true
    },
    "node_modules/@types/react": {
      "version": "18.3.3",
      "resolved": "https://registry.npmjs.org/@types/react/-/react-18.3.3.tgz",
      "integrity": "sha512-hti/R0pS0q1/cgpTOfL0y9FlS2XGqaD05n3a4i5J5B5i6Y33S6Skz4wVKR4GF4z1IuVr1q815gPjnxpBfU+Ysg==",
      "dev": true,
      "dependencies": {
        "@types/prop-types": "*",
        "csstype": "^3.0.2"
      }
    },
    "node_modules/@types/react-dom": {
      "version": "18.3.0",
      "resolved": "https://registry.npmjs.org/@types/react-dom/-/react-dom-18.3.0.tgz",
      "integrity": "sha512-0E1B0Sk5e2Yv2+QFeie0G8o4naQfUKqN77fPA5zx4L2HWSlbMnd0e5hmFpY2y+tQe2L5zCFCFz5/qNBJvIx1cw==",
      "dev": true,
      "dependencies": {
        "@types/react": "*"
      }
    },
    "node_modules/@vitejs/plugin-react": {
      "version": "4.3.1",
      "resolved": "https://registry.npmjs.org/@vitejs/plugin-react/-/plugin-react-4.3.1.tgz",
      "integrity": "sha512-1eG1p4p4pSrSWW9aT4s32XAYMS1sItC5k8A6Qe/yGkfgj7L6GAgAQT8kLgA3M718Sti3H29255L3N2nMGSvLPA==",
      "dev": true,
      "dependencies": {
        "@babel/core": "^7.22.9"
      },
      "engines": {
        "node": ">=18.0.0"
      },
      "peerDependencies": {
        "react": ">=16.8",
        "vite": "^4.2.0 || ^5.0.0"
      }
    },
    "node_modules/autoprefixer": {
      "version": "10.4.19",
      "resolved": "https://registry.npmjs.org/autoprefixer/-/autoprefixer-10.4.19.tgz",
      "integrity": "sha512-oQssIL3t3Sg+yU3k9W2rY22S++IBvFOU0SW8dMvcmrFh9np0nDBflziH6NfWNFGg37aO2c7vY5yEb/n5G1su6Q==",
      "dev": true,
      "dependencies": {
        "browserslist": "^4.23.0",
        "caniuse-lite": "^1.0.30001614",
        "picocolors": "^1.0.0",
        "postcss-value-parser": "^4.2.0"
      },
      "bin": {
        "autoprefixer": "bin/autoprefixer"
      },
      "engines": {
        "node": "^12 || ^14 || >=16"
      },
      "funding": {
        "type": "opencollective",
        "url": "https://opencollective.com/postcss/"
      }
    },
    "node_modules/csstype": {
      "version": "3.1.3",
      "resolved": "https://registry.npmjs.org/csstype/-/csstype-3.1.3.tgz",
      "integrity": "sha512-M1uQkMl8r3FEeGbs+I7c15qrfaJdmLN9vKz3gV366i7d1k3y4/Acw43632a9s4PO4s52T5oGcnvA8B8I82SVQ==",
      "dev": true
    },
    "node_modules/js-tokens": {
      "version": "4.0.0",
      "resolved": "https://registry.npmjs.org/js-tokens/-/js-tokens-4.0.0.tgz",
      "integrity": "sha512-RdJUflcE3cUzKiMqQgsCu06FPu9UdIJO0beYbPhHN4k6apgJtifcoCtT9bcxOpYBtpD2kCM6Sbzg4CausW/PKQ=="
    },
    "node_modules/loose-envify": {
      "version": "1.4.0",
      "resolved": "https://registry.npmjs.org/loose-envify/-/loose-envify-1.4.0.tgz",
      "integrity": "sha512-lyuxPGr/Wfhrlem2CL/UcnUc1zcqKA3a2eYWDmsKxbsp/d94/YoH9IAbgB8kkh5/sLnBReib+jIOhLe8BCdsgA==",
      "dependencies": {
        "js-tokens": "^3.0.0 || ^4.0.0"
      },
      "bin": {
        "loose-envify": "cli.js"
      }
    },
    "node_modules/postcss": {
      "version": "8.4.38",
      "resolved": "https://registry.npmjs.org/postcss/-/postcss-8.4.38.tgz",
      "integrity": "sha512-oW39/2r27Pk0X2v3BTjXzX7N2msaT37H3A92cot2f8fY/RU/DSy7dG6w/d0fr2A0S5fsE8g5w03o2F90s2XAWg==",
      "dev": true,
      "dependencies": {
        "nanoid": "^3.3.7",
        "picocolors": "^1.0.0",
        "source-map-js": "^1.2.0"
      },
      "engines": {
        "node": "^12 || ^14 || >=16"
      },
      "funding": {
        "type": "opencollective",
        "url": "https://opencollective.com/postcss/"
      }
    },
    "node_modules/react": {
      "version": "19.1.1",
      "resolved": "https://registry.npmjs.org/react/-/react-19.1.1.tgz",
      "integrity": "sha512-Y1oP53LSa3PPUr0fWOoFPXCzDZuO4N4Q3LIT353Qmm3eKS35weDceA2qxrGgFFKj2y8P/aU2r8/j2f3aU/6K+A==",
      "dependencies": {
        "loose-envify": "^1.1.0"
      },
      "engines": {
        "node": ">=18.17.0"
      }
    },
    "node_modules/react-dom": {
      "version": "19.1.1",
      "resolved": "https://registry.npmjs.org/react-dom/-/react-dom-19.1.1.tgz",
      "integrity": "sha512-KLP/5bTa4j3+T1A44rlDY28IHYwVw5J7OqO9T/2h7h5j/3N2tD8s9p3YT2B3/T3r3fX4C9W51KxXvTmnj80hVQ==",
      "dependencies": {
        "loose-envify": "^1.1.0",
        "react": "^19.1.1",
        "scheduler": "^0.24.0"
      },
      "peerDependencies": {
        "react": "19.1.1"
      }
    },
    "node_modules/scheduler": {
      "version": "0.24.0",
      "resolved": "https://registry.npmjs.org/scheduler/-/scheduler-0.24.0.tgz",
      "integrity": "sha512-92Q5fmyu8Hqe0Kk7wW3DDAhEXomsIUU5i+uWvzaRrD0YJcx/iS/sutgKQVrcY42+L+f/yqXuzh09P+h1dVL+eA==",
      "dependencies": {
        "loose-envify": "^1.1.0"
      }
    },
    "node_modules/tailwindcss": {
      "version": "3.4.4",
      "resolved": "https://registry.npmjs.org/tailwindcss/-/tailwindcss-3.4.4.tgz",
      "integrity": "sha512-rC/w3FdkzHo/p0vQ4v9h5eMpbF8hLg+mG/KNPF3/fA/9nHf8d8uRwo0u1T35LtfCg/B+s3FmXaXlQo23U/0Vzg==",
      "dev": true,
      "dependencies": {
        "chokidar": "^3.5.3",
        "didyoumean": "^1.2.2",
        "fast-glob": "^3.3.2",
        "glob-parent": "^6.0.2",
        "is-glob": "^4.0.3",
        "jiti": "^1.21.0",
        "lightningcss": "^1.25.1",
        "lilconfig": "^3.1.1",
        "micromatch": "^4.0.5",
        "minimist": "^1.2.8",
        "open": "^9.1.0",
        "picocolors": "^1.0.1",
        "postcss": "^8.4.38",
        "postcss-import": "^16.1.0",
        "postcss-js": "^4.0.1",
        "postcss-load-config": "^5.1.0",
        "postcss-nested": "^6.0.1",
        "postcss-selector-parser": "^6.1.0",
        "resolve": "^1.22.8",
        "sucrase": "^3.35.0"
      },
      "bin": {
        "tailwind": "lib/cli.js",
        "tailwindcss": "lib/cli.js"
      },
      "engines": {
        "node": ">=16.14.0"
      },
      "funding": {
        "type": "opencollective",
        "url": "https://opencollective.com/tailwindcss"
      }
    },
    "node_modules/typescript": {
      "version": "5.5.2",
      "resolved": "https://registry.npmjs.org/typescript/-/typescript-5.5.2.tgz",
      "integrity": "sha512-NcRtPE OsP7T2DUKMwg/hJ2wOBflThkKV2yIfL20lE34iUNbBUoP259wrD/ssi/vgNEUJmX0BrnQszw/Q93mMbA==",
      "dev": true,
      "bin": {
        "tsc": "bin/tsc",
        "tsserver": "bin/tsserver"
      },
      "engines": {
        "node": ">=14.17"
      }
    },
    "node_modules/vite": {
      "version": "5.3.1",
      "resolved": "https://registry.npmjs.org/vite/-/vite-5.3.1.tgz",
      "integrity": "sha512-Y3U7c+S/IHk/n1L4yVp/mG7/4v2U7yVaO58m73I4QOa2xH+w3OJfSF2n+fLd/zYkX1zXzS4s+1l/xG9ZlA==",
      "dev": true,
      "dependencies": {
        "esbuild": "^0.21.3",
        "postcss": "^8.4.38",
        "resolve.exports": "^2.0.2",
        "rollup": "^4.18.0"
      },
      "bin": {
        "vite": "bin/vite.js"
      },
      "engines": {
        "node": "^18.0.0 || >=20.0.0"
      },
      "funding": {
        "url": "https://github.com/sponsors/yyx990803"
      },
      "optionalDependencies": {
        "fsevents": "~2.3.3"
      },
      "peerDependencies": {
        "@types/node": ">=18.0.0",
        "less": "*",
        "lightningcss": "^1.21.0",
        "sass": "*",
        "stylus": "*",
        "sugarss": "*",
        "terser": "^5.4.0"
      },
      "peerDependenciesMeta": {
        "@types/node": {
          "optional": true
        },
        "less": {
          "optional": true
        },
        "lightningcss": {
          "optional": true
        },
        "sass": {
          "optional": true
        },
        "stylus": {
          "optional": true
        },
        "sugarss": {
          "optional": true
        },
        "terser": {
          "optional": true
        }
      }
    }
  }
}
